<?xml version="1.0" encoding="utf-8"?>
<Project ToolsVersion="4.0" xmlns="http://schemas.microsoft.com/developer/msbuild/2003">
  <ItemGroup>
    <Filter Include="Source Files">
      <UniqueIdentifier>{4FC737F1-C7A5-4376-A066-2A32D752A2FF}</UniqueIdentifier>
      <Extensions>cpp;c;cc;cxx;def;odl;idl;hpj;bat;asm;asmx</Extensions>
    </Filter>
    <Filter Include="Header Files">
      <UniqueIdentifier>{93995380-89BD-4b04-88EB-625FBE52EBFB}</UniqueIdentifier>
      <Extensions>h;hh;hpp;hxx;hm;inl;inc;xsd</Extensions>
    </Filter>
    <Filter Include="Resource Files">
      <UniqueIdentifier>{67DA6AB6-F800-4c08-8B7A-83BB121AAD01}</UniqueIdentifier>
      <Extensions>rc;ico;cur;bmp;dlg;rc2;rct;bin;rgs;gif;jpg;jpeg;jpe;resx;tiff;tif;png;wav;mfcribbon-ms</Extensions>
    </Filter>
  </ItemGroup>
  <ItemGroup>
    <ClCompile Include="main.cpp">
      <Filter>Source Files</Filter>
    </ClCompile>
    <ClCompile Include="RayShader.cpp">
      <Filter>Source Files</Filter>
    </ClCompile>
    <ClCompile Include="rgba.cpp">
      <Filter>Source Files</Filter>
    </ClCompile>
    <ClCompile Include="ObjLoader.cpp">
      <Filter>Source Files</Filter>
    </ClCompile>
    <ClCompile Include="RayTracerCommandLoader.cpp">
      <Filter>Source Files</Filter>
    </ClCompile>
  </ItemGroup>
  <ItemGroup>
    <ClInclude Include="Scene.h">
      <Filter>Header Files</Filter>
    </ClInclude>
    <ClInclude Include="Primitive.h">
      <Filter>Header Files</Filter>
    </ClInclude>
    <ClInclude Include="real.h">
      <Filter>Header Files</Filter>
    </ClInclude>
    <ClInclude Include="Ray.h">
      <Filter>Header Files</Filter>
    </ClInclude>
    <ClInclude Include="Output.h">
      <Filter>Header Files</Filter>
    </ClInclude>
    <ClInclude Include="Camera.h">
      <Filter>Header Files</Filter>
    </ClInclude>
    <ClInclude Include="ImageOutput.h">
      <Filter>Header Files</Filter>
    </ClInclude>
    <ClInclude Include="Light.h">
      <Filter>Header Files</Filter>
    </ClInclude>
    <ClInclude Include="RayShader.h">
      <Filter>Header Files</Filter>
    </ClInclude>
    <ClInclude Include="Ior.h">
      <Filter>Header Files</Filter>
    </ClInclude>
    <ClInclude Include="Multisampler.h">
      <Filter>Header Files</Filter>
    </ClInclude>
    <ClInclude Include="Absorption.h">
      <Filter>Header Files</Filter>
    </ClInclude>
    <ClInclude Include="Math.h">
      <Filter>Header Files</Filter>
    </ClInclude>
    <ClInclude Include="rgba.h">
      <Filter>Header Files</Filter>
    </ClInclude>
    <ClInclude Include="Hitmap.h">
      <Filter>Header Files</Filter>
    </ClInclude>
    <ClInclude Include="ThreadedTileTracer.h">
      <Filter>Header Files</Filter>
    </ClInclude>
    <ClInclude Include="TileTracer.h">
      <Filter>Header Files</Filter>
    </ClInclude>
    <ClInclude Include="PrimitiveHit.h">
      <Filter>Header Files</Filter>
    </ClInclude>
    <ClInclude Include="TMaterial.h">
      <Filter>Header Files</Filter>
    </ClInclude>
    <ClInclude Include="Material.h">
      <Filter>Header Files</Filter>
    </ClInclude>
    <ClInclude Include="ScanlineTracer.h">
      <Filter>Header Files</Filter>
    </ClInclude>
    <ClInclude Include="Tile.h">
      <Filter>Header Files</Filter>
    </ClInclude>
    <ClInclude Include="ObjLoader.h">
      <Filter>Header Files</Filter>
    </ClInclude>
    <ClInclude Include="Vacuum.h">
      <Filter>Header Files</Filter>
    </ClInclude>
    <ClInclude Include="RMeshTriangle.h">
      <Filter>Header Files</Filter>
    </ClInclude>
    <ClInclude Include="RayBouncer.h">
      <Filter>Header Files</Filter>
    </ClInclude>
    <ClInclude Include="RayTracerStep.h">
      <Filter>Header Files</Filter>
    </ClInclude>
    <ClInclude Include="RayTracerCommand.h">
      <Filter>Header Files</Filter>
    </ClInclude>
    <ClInclude Include="RayTracerCommandLoader.h">
      <Filter>Header Files</Filter>
    </ClInclude>
    <ClInclude Include="FilmSize.h">
      <Filter>Header Files</Filter>
    </ClInclude>
    <ClInclude Include="SampleCommands.h">
      <Filter>Header Files</Filter>
    </ClInclude>
  </ItemGroup>
  <ItemGroup>
    <Text Include="Basic Light Equation.txt" />
  </ItemGroup>
  <ItemGroup>
    <Object Include="Mesh\CubeSphere.obj" />
    <Object Include="Mesh\snake.obj" />
    <Object Include="Mesh\Teapot.obj" />
    <Object Include="Mesh\Triangle.obj" />
  </ItemGroup>
  <ItemGroup>
    <None Include="Mesh\CubeSphere.mtl" />
    <None Include="Mesh\snake.mtl" />
    <None Include="Mesh\Teapot.mtl" />
  </ItemGroup>
  <ItemGroup>
    <Image Include="Mesh\UVTest.png">
      <Filter>Resource Files</Filter>
    </Image>
  </ItemGroup>
</Project>