<?xml version="1.0" encoding="utf-8"?>
<Project ToolsVersion="4.0" xmlns="http://schemas.microsoft.com/developer/msbuild/2003">
  <ItemGroup>
    <Filter Include="Source Files">
      <UniqueIdentifier>{4FC737F1-C7A5-4376-A066-2A32D752A2FF}</UniqueIdentifier>
      <Extensions>cpp;c;cc;cxx;def;odl;idl;hpj;bat;asm;asmx</Extensions>
    </Filter>
    <Filter Include="Header Files">
      <UniqueIdentifier>{93995380-89BD-4b04-88EB-625FBE52EBFB}</UniqueIdentifier>
      <Extensions>h;hh;hpp;hxx;hm;inl;inc;xsd</Extensions>
    </Filter>
    <Filter Include="Resource Files">
      <UniqueIdentifier>{67DA6AB6-F800-4c08-8B7A-83BB121AAD01}</UniqueIdentifier>
      <Extensions>rc;ico;cur;bmp;dlg;rc2;rct;bin;rgs;gif;jpg;jpeg;jpe;resx;tiff;tif;png;wav;mfcribbon-ms</Extensions>
    </Filter>
  </ItemGroup>
  <ItemGroup>
    <ClCompile Include="RayShader.cpp">
      <Filter>Source Files</Filter>
    </ClCompile>
    <ClCompile Include="rgba.cpp">
      <Filter>Source Files</Filter>
    </ClCompile>
    <ClCompile Include="ObjLoader.cpp">
      <Filter>Source Files</Filter>
    </ClCompile>
    <ClCompile Include="RayTracerCommandLoader.cpp">
      <Filter>Source Files</Filter>
    </ClCompile>
    <ClCompile Include="RayTracerCommand.cpp">
      <Filter>Source Files</Filter>
    </ClCompile>
    <ClCompile Include="RayBounce.cpp">
      <Filter>Source Files</Filter>
    </ClCompile>
    <ClCompile Include="ImageOutput.cpp">
      <Filter>Source Files</Filter>
    </ClCompile>
    <ClCompile Include="Scene.cpp">
      <Filter>Source Files</Filter>
    </ClCompile>
    <ClCompile Include="main.cpp">
      <Filter>Source Files</Filter>
    </ClCompile>
    <ClCompile Include="RayBouncer.cpp">
      <Filter>Source Files</Filter>
    </ClCompile>
  </ItemGroup>
  <ItemGroup>
    <ClInclude Include="TestCommand">
      <Filter>Header Files</Filter>
    </ClInclude>
    <ClInclude Include="Absorption.hpp">
      <Filter>Header Files</Filter>
    </ClInclude>
    <ClInclude Include="Camera.hpp">
      <Filter>Header Files</Filter>
    </ClInclude>
    <ClInclude Include="FilmSize.hpp">
      <Filter>Header Files</Filter>
    </ClInclude>
    <ClInclude Include="Hitmap.hpp">
      <Filter>Header Files</Filter>
    </ClInclude>
    <ClInclude Include="ImageOutput.hpp">
      <Filter>Header Files</Filter>
    </ClInclude>
    <ClInclude Include="Ior.hpp">
      <Filter>Header Files</Filter>
    </ClInclude>
    <ClInclude Include="KdTree.hpp">
      <Filter>Header Files</Filter>
    </ClInclude>
    <ClInclude Include="Light.hpp">
      <Filter>Header Files</Filter>
    </ClInclude>
    <ClInclude Include="Material.hpp">
      <Filter>Header Files</Filter>
    </ClInclude>
    <ClInclude Include="Math.hpp">
      <Filter>Header Files</Filter>
    </ClInclude>
    <ClInclude Include="Multisampler.hpp">
      <Filter>Header Files</Filter>
    </ClInclude>
    <ClInclude Include="ObjLoader.hpp">
      <Filter>Header Files</Filter>
    </ClInclude>
    <ClInclude Include="Primitive.hpp">
      <Filter>Header Files</Filter>
    </ClInclude>
    <ClInclude Include="Ray.hpp">
      <Filter>Header Files</Filter>
    </ClInclude>
    <ClInclude Include="PrimitiveHit.hpp">
      <Filter>Header Files</Filter>
    </ClInclude>
    <ClInclude Include="RayBounce.hpp">
      <Filter>Header Files</Filter>
    </ClInclude>
    <ClInclude Include="RayBouncer.hpp">
      <Filter>Header Files</Filter>
    </ClInclude>
    <ClInclude Include="RayShader.hpp">
      <Filter>Header Files</Filter>
    </ClInclude>
    <ClInclude Include="RayTracerCommand.hpp">
      <Filter>Header Files</Filter>
    </ClInclude>
    <ClInclude Include="RayTracerCommandLoader.hpp">
      <Filter>Header Files</Filter>
    </ClInclude>
    <ClInclude Include="RayTracerStep.hpp">
      <Filter>Header Files</Filter>
    </ClInclude>
    <ClInclude Include="real.hpp">
      <Filter>Header Files</Filter>
    </ClInclude>
    <ClInclude Include="rgba.hpp">
      <Filter>Header Files</Filter>
    </ClInclude>
    <ClInclude Include="SampleCommands.hpp">
      <Filter>Header Files</Filter>
    </ClInclude>
    <ClInclude Include="ScanlineTracer.hpp">
      <Filter>Header Files</Filter>
    </ClInclude>
    <ClInclude Include="Scene.hpp">
      <Filter>Header Files</Filter>
    </ClInclude>
    <ClInclude Include="ThreadedTileTracer.hpp">
      <Filter>Header Files</Filter>
    </ClInclude>
    <ClInclude Include="Tile.hpp">
      <Filter>Header Files</Filter>
    </ClInclude>
    <ClInclude Include="TileTracer.hpp">
      <Filter>Header Files</Filter>
    </ClInclude>
    <ClInclude Include="TMaterial.hpp">
      <Filter>Header Files</Filter>
    </ClInclude>
    <ClInclude Include="Vacuum.hpp">
      <Filter>Header Files</Filter>
    </ClInclude>
    <ClInclude Include="Output.hpp">
      <Filter>Header Files</Filter>
    </ClInclude>
    <ClInclude Include="TMeshTriangle.hpp">
      <Filter>Header Files</Filter>
    </ClInclude>
  </ItemGroup>
  <ItemGroup>
    <Text Include="Basic Light Equation.txt" />
    <Text Include="Readme" />
    <Text Include="ExampleCommand" />
  </ItemGroup>
  <ItemGroup>
    <Object Include="Mesh\CubeSphere.obj" />
    <Object Include="Mesh\snake.obj" />
    <Object Include="Mesh\Teapot.obj" />
    <Object Include="Mesh\Triangle.obj" />
    <Object Include="Mesh\Cube.obj" />
    <Object Include="Mesh\RotatedCube.obj" />
    <Object Include="Mesh\CenteredCube.obj" />
    <Object Include="Mesh\minigun.obj" />
    <Object Include="Mesh\body.obj" />
    <Object Include="Mesh\Amaterasu.obj" />
    <Object Include="Mesh\teapot high.obj" />
    <Object Include="Mesh\teddy.obj" />
    <Object Include="Mesh\violin_case.obj" />
  </ItemGroup>
  <ItemGroup>
    <None Include="Mesh\CubeSphere.mtl" />
    <None Include="Mesh\snake.mtl" />
    <None Include="Mesh\Teapot.mtl" />
    <None Include="Mesh\Amaterasu.mtl" />
    <None Include="Mesh\minigun.mtl" />
  </ItemGroup>
  <ItemGroup>
    <Image Include="Mesh\UVTest.png">
      <Filter>Resource Files</Filter>
    </Image>
    <Image Include="Mesh\Am_kao_BM.jpg">
      <Filter>Resource Files</Filter>
    </Image>
    <Image Include="Mesh\Am_tex01_BM.jpg">
      <Filter>Resource Files</Filter>
    </Image>
    <Image Include="Mesh\Am_tex02_BM.jpg">
      <Filter>Resource Files</Filter>
    </Image>
    <Image Include="Mesh\keA_kotei_BM.jpg">
      <Filter>Resource Files</Filter>
    </Image>
    <Image Include="Mesh\keA_uv_BM.jpg">
      <Filter>Resource Files</Filter>
    </Image>
    <Image Include="Mesh\keBC_kotei_BM.jpg">
      <Filter>Resource Files</Filter>
    </Image>
    <Image Include="Mesh\keBC_uv_BM.jpg">
      <Filter>Resource Files</Filter>
    </Image>
    <Image Include="Mesh\shippo_kotei_BM.jpg">
      <Filter>Resource Files</Filter>
    </Image>
    <Image Include="Mesh\shippo_uv_BM.jpg">
      <Filter>Resource Files</Filter>
    </Image>
  </ItemGroup>
</Project>